
Microsoft Visual Studio Solution File, Format Version 12.00
# Visual Studio 15
VisualStudioVersion = 15.0.27703.2042
MinimumVisualStudioVersion = 10.0.40219.1
Project("{8BC9CEB8-8B4A-11D0-8D11-00A0C91BC942}") = "Fifth", "Fifth\Fifth.vcxproj", "{EFDB3EEF-1137-4D97-B267-52DD63A55B34}"
EndProject
Global
	GlobalSection(SolutionConfigurationPlatforms) = preSolution
		Debug|x64 = Debug|x64
		Debug|x86 = Debug|x86
		Release|x64 = Release|x64
		Release|x86 = Release|x86
	EndGlobalSection
	GlobalSection(ProjectConfigurationPlatforms) = postSolution
		{EFDB3EEF-1137-4D97-B267-52DD63A55B34}.Debug|x64.ActiveCfg = Debug|x64
		{EFDB3EEF-1137-4D97-B267-52DD63A55B34}.Debug|x64.Build.0 = Debug|x64
		{EFDB3EEF-1137-4D97-B267-52DD63A55B34}.Debug|x86.ActiveCfg = Debug|Win32
		{EFDB3EEF-1137-4D97-B267-52DD63A55B34}.Debug|x86.Build.0 = Debug|Win32
		{EFDB3EEF-1137-4D97-B267-52DD63A55B34}.Release|x64.ActiveCfg = Release|x64
		{EFDB3EEF-1137-4D97-B267-52DD63A55B34}.Release|x64.Build.0 = Release|x64
		{EFDB3EEF-1137-4D97-B267-52DD63A55B34}.Release|x86.ActiveCfg = Release|Win32
		{EFDB3EEF-1137-4D97-B267-52DD63A55B34}.Release|x86.Build.0 = Release|Win32
	EndGlobalSection
	GlobalSection(SolutionProperties) = preSolution
		HideSolutionNode = FALSE
	EndGlobalSection
	GlobalSection(ExtensibilityGlobals) = postSolution
		SolutionGuid = {10C6BDA0-0D75-41B6-8EAD-8E6B72E81CF6}
	EndGlobalSection
EndGlobal
